
Microsoft Visual Studio Solution File, Format Version 12.00
# Visual Studio 14
VisualStudioVersion = 14.0.25420.1
MinimumVisualStudioVersion = 10.0.40219.1
Project("{2150E333-8FDC-42A3-9474-1A3956D46DE8}") = "src", "src", "{C0D48D19-60FD-45FE-88ED-B8C6A245EB93}"
EndProject
Project("{2150E333-8FDC-42A3-9474-1A3956D46DE8}") = "Solution Items", "Solution Items", "{73D50BDC-8C60-4A78-8745-F718D078F12D}"
	ProjectSection(SolutionItems) = preProject
		global.json = global.json
		PipServices.Net.nuspec = PipServices.Net.nuspec
	EndProjectSection
EndProject
Project("{2150E333-8FDC-42A3-9474-1A3956D46DE8}") = "test", "test", "{F6D4488F-65E1-4FE2-8E2B-67F875F71D17}"
EndProject
Project("{2150E333-8FDC-42A3-9474-1A3956D46DE8}") = "examples", "examples", "{7EFB73BA-C675-4992-8DD1-ADBB50D52C03}"
EndProject
Project("{8BB2217D-0F2D-49D1-97BC-3654ED321F3B}") = "PipServices.Dummy.Runner", "examples\PipServices.Dummy.Runner\PipServices.Dummy.Runner.xproj", "{DAF5FD69-DA5B-4177-B6F7-2E7108142391}"
EndProject
Project("{8BB2217D-0F2D-49D1-97BC-3654ED321F3B}") = "PipServices.Net.NetStandard10", "src\PipServices.Net.NetStandard10\PipServices.Net.NetStandard10.xproj", "{AD381BD5-A728-484C-AE88-CA015A7D6D62}"
EndProject
Project("{FAE04EC0-301F-11D3-BF4B-00C04F79EFBC}") = "PipServices.Net.Net45", "src\PipServices.Net.Net45\PipServices.Net.Net45.csproj", "{27B49CBA-46C4-42B4-8940-E3C7859A7EEB}"
EndProject
Project("{FAE04EC0-301F-11D3-BF4B-00C04F79EFBC}") = "PipServices.Net.Net45.Test", "test\PipServices.Net.Net45.Test\PipServices.Net.Net45.Test.csproj", "{B43177D2-EFB1-4F5E-A9C2-466F747B7755}"
EndProject
Project("{8BB2217D-0F2D-49D1-97BC-3654ED321F3B}") = "PipServices.Net.NetStandard10.Test", "test\PipServices.Net.NetStandard10.Test\PipServices.Net.NetStandard10.Test.xproj", "{FF56436A-4E8C-463B-ACC4-E0DDC98DB38F}"
EndProject
Global
	GlobalSection(SolutionConfigurationPlatforms) = preSolution
		Debug|Any CPU = Debug|Any CPU
		Release|Any CPU = Release|Any CPU
	EndGlobalSection
	GlobalSection(ProjectConfigurationPlatforms) = postSolution
		{DAF5FD69-DA5B-4177-B6F7-2E7108142391}.Debug|Any CPU.ActiveCfg = Debug|Any CPU
		{DAF5FD69-DA5B-4177-B6F7-2E7108142391}.Debug|Any CPU.Build.0 = Debug|Any CPU
		{DAF5FD69-DA5B-4177-B6F7-2E7108142391}.Release|Any CPU.ActiveCfg = Release|Any CPU
		{DAF5FD69-DA5B-4177-B6F7-2E7108142391}.Release|Any CPU.Build.0 = Release|Any CPU
		{AD381BD5-A728-484C-AE88-CA015A7D6D62}.Debug|Any CPU.ActiveCfg = Debug|Any CPU
		{AD381BD5-A728-484C-AE88-CA015A7D6D62}.Debug|Any CPU.Build.0 = Debug|Any CPU
		{AD381BD5-A728-484C-AE88-CA015A7D6D62}.Release|Any CPU.ActiveCfg = Release|Any CPU
		{AD381BD5-A728-484C-AE88-CA015A7D6D62}.Release|Any CPU.Build.0 = Release|Any CPU
		{27B49CBA-46C4-42B4-8940-E3C7859A7EEB}.Debug|Any CPU.ActiveCfg = Debug|Any CPU
		{27B49CBA-46C4-42B4-8940-E3C7859A7EEB}.Debug|Any CPU.Build.0 = Debug|Any CPU
		{27B49CBA-46C4-42B4-8940-E3C7859A7EEB}.Release|Any CPU.ActiveCfg = Release|Any CPU
		{27B49CBA-46C4-42B4-8940-E3C7859A7EEB}.Release|Any CPU.Build.0 = Release|Any CPU
		{B43177D2-EFB1-4F5E-A9C2-466F747B7755}.Debug|Any CPU.ActiveCfg = Debug|Any CPU
		{B43177D2-EFB1-4F5E-A9C2-466F747B7755}.Debug|Any CPU.Build.0 = Debug|Any CPU
		{B43177D2-EFB1-4F5E-A9C2-466F747B7755}.Release|Any CPU.ActiveCfg = Release|Any CPU
		{B43177D2-EFB1-4F5E-A9C2-466F747B7755}.Release|Any CPU.Build.0 = Release|Any CPU
		{FF56436A-4E8C-463B-ACC4-E0DDC98DB38F}.Debug|Any CPU.ActiveCfg = Debug|Any CPU
		{FF56436A-4E8C-463B-ACC4-E0DDC98DB38F}.Debug|Any CPU.Build.0 = Debug|Any CPU
		{FF56436A-4E8C-463B-ACC4-E0DDC98DB38F}.Release|Any CPU.ActiveCfg = Release|Any CPU
		{FF56436A-4E8C-463B-ACC4-E0DDC98DB38F}.Release|Any CPU.Build.0 = Release|Any CPU
	EndGlobalSection
	GlobalSection(SolutionProperties) = preSolution
		HideSolutionNode = FALSE
	EndGlobalSection
	GlobalSection(NestedProjects) = preSolution
		{DAF5FD69-DA5B-4177-B6F7-2E7108142391} = {7EFB73BA-C675-4992-8DD1-ADBB50D52C03}
		{AD381BD5-A728-484C-AE88-CA015A7D6D62} = {C0D48D19-60FD-45FE-88ED-B8C6A245EB93}
		{27B49CBA-46C4-42B4-8940-E3C7859A7EEB} = {C0D48D19-60FD-45FE-88ED-B8C6A245EB93}
		{B43177D2-EFB1-4F5E-A9C2-466F747B7755} = {F6D4488F-65E1-4FE2-8E2B-67F875F71D17}
		{FF56436A-4E8C-463B-ACC4-E0DDC98DB38F} = {F6D4488F-65E1-4FE2-8E2B-67F875F71D17}
	EndGlobalSection
EndGlobal
